
Microsoft Visual Studio Solution File, Format Version 12.00
# Visual Studio Version 17
VisualStudioVersion = 17.0.31912.275
MinimumVisualStudioVersion = 10.0.40219.1
Project("{FAE04EC0-301F-11D3-BF4B-00C04F79EFBC}") = "usbrelay", "WpfApp1\usbrelay.csproj", "{0F4E0645-D294-4948-8F52-30795924D940}"
EndProject
Global
	GlobalSection(SolutionConfigurationPlatforms) = preSolution
		Debug|Any CPU = Debug|Any CPU
		Release|Any CPU = Release|Any CPU
	EndGlobalSection
	GlobalSection(ProjectConfigurationPlatforms) = postSolution
		{0F4E0645-D294-4948-8F52-30795924D940}.Debug|Any CPU.ActiveCfg = Debug|Any CPU
		{0F4E0645-D294-4948-8F52-30795924D940}.Debug|Any CPU.Build.0 = Debug|Any CPU
		{0F4E0645-D294-4948-8F52-30795924D940}.Release|Any CPU.ActiveCfg = Release|Any CPU
		{0F4E0645-D294-4948-8F52-30795924D940}.Release|Any CPU.Build.0 = Release|Any CPU
	EndGlobalSection
	GlobalSection(SolutionProperties) = preSolution
		HideSolutionNode = FALSE
	EndGlobalSection
	GlobalSection(ExtensibilityGlobals) = postSolution
		SolutionGuid = {F3C020A7-C628-4C2B-A7F0-5C5E2D4319CA}
	EndGlobalSection
EndGlobal
